dependencies:
- name: hello
  repository: https://wielewout.github.io/helm-charts/
  version: 0.4.1
- name: example
  repository: https://wielewout.github.io/helm-charts/
  version: 0.2.1
digest: sha256:5b4544dc41fafa89c259f4ad2482d76f5b2bf67670ce879ff68ef81bc9b1a8ae
generated: "2023-05-03T17:23:30.960329914Z"
