dependencies:
- name: hello
  repository: https://wielewout.github.io/helm-charts/
  version: 0.4.1
- name: example
  repository: https://wielewout.github.io/helm-charts/
  version: 0.2.0
digest: sha256:8598b15bd386e7c743c99bee101e59e7fa8e6c5a3e6680329e872c33a1ee2ce8
generated: "2023-05-03T17:44:32.308643599+02:00"
